
Microsoft Visual Studio Solution File, Format Version 12.00
# Visual Studio Version 17
VisualStudioVersion = 17.4.33213.308
MinimumVisualStudioVersion = 10.0.40219.1
Project("{FAE04EC0-301F-11D3-BF4B-00C04F79EFBC}") = "PictureViewer", "PictureViewer\PictureViewer.csproj", "{EC9642C5-A2D6-4FFA-ADA7-64F74D1057AA}"
EndProject
Global
	GlobalSection(SolutionConfigurationPlatforms) = preSolution
		Debug|Any CPU = Debug|Any CPU
		Release|Any CPU = Release|Any CPU
	EndGlobalSection
	GlobalSection(ProjectConfigurationPlatforms) = postSolution
		{EC9642C5-A2D6-4FFA-ADA7-64F74D1057AA}.Debug|Any CPU.ActiveCfg = Debug|Any CPU
		{EC9642C5-A2D6-4FFA-ADA7-64F74D1057AA}.Debug|Any CPU.Build.0 = Debug|Any CPU
		{EC9642C5-A2D6-4FFA-ADA7-64F74D1057AA}.Release|Any CPU.ActiveCfg = Release|Any CPU
		{EC9642C5-A2D6-4FFA-ADA7-64F74D1057AA}.Release|Any CPU.Build.0 = Release|Any CPU
	EndGlobalSection
	GlobalSection(SolutionProperties) = preSolution
		HideSolutionNode = FALSE
	EndGlobalSection
	GlobalSection(ExtensibilityGlobals) = postSolution
		SolutionGuid = {9CAE530F-6426-40E3-A400-17B7C987184E}
	EndGlobalSection
EndGlobal
